
Microsoft Visual Studio Solution File, Format Version 12.00
# Visual Studio Version 16
VisualStudioVersion = 16.0.28917.181
MinimumVisualStudioVersion = 10.0.40219.1
Project("{2150E333-8FDC-42A3-9474-1A3956D46DE8}") = "Common", "Common", "{40142F79-164E-4933-9088-356B51B82235}"
EndProject
Project("{FAE04EC0-301F-11D3-BF4B-00C04F79EFBC}") = "Library", "..\Common\Src\Library\Library.csproj", "{827454B9-CA87-493D-ACD0-676EB423772F}"
EndProject
Project("{FAE04EC0-301F-11D3-BF4B-00C04F79EFBC}") = "Library.UI", "..\Common\Src\Library.UI\Library.UI.csproj", "{38ECC387-7BB9-4152-B60E-54B697D2B708}"
EndProject
Project("{FAE04EC0-301F-11D3-BF4B-00C04F79EFBC}") = "TraderTools.Basics", "..\Common\Src\TraderTools.Basics\TraderTools.Basics.csproj", "{089CE7BD-EAB1-498C-A6BD-A41F14860ACA}"
EndProject
Project("{FAE04EC0-301F-11D3-BF4B-00C04F79EFBC}") = "TraderTools.Core", "..\Common\Src\TraderTools.Core\TraderTools.Core.csproj", "{53BA9AD8-A1E8-409F-9C23-5148F91305E2}"
EndProject
Project("{FAE04EC0-301F-11D3-BF4B-00C04F79EFBC}") = "TraderTools.Core.UI", "..\Common\Src\TraderTools.Core.UI\TraderTools.Core.UI.csproj", "{5E885F6A-3461-4D96-BCF8-D4A50F526726}"
EndProject
Project("{FAE04EC0-301F-11D3-BF4B-00C04F79EFBC}") = "TraderTools.Brokers.FXCM", "..\Common\Src\TraderTools.Brokers.FXCM\TraderTools.Brokers.FXCM.csproj", "{89047D98-156E-4BA0-B71E-121F7E26806E}"
EndProject
Project("{FAE04EC0-301F-11D3-BF4B-00C04F79EFBC}") = "TraderTools.Indicators", "..\Common\Src\TraderTools.Indicators\TraderTools.Indicators.csproj", "{A5A59813-A3D3-4AF5-9923-EC5B0879BE9C}"
EndProject
Project("{FAE04EC0-301F-11D3-BF4B-00C04F79EFBC}") = "TraderTools.Simulation", "..\Common\Src\TraderTools.Simulation\TraderTools.Simulation.csproj", "{F7C5DF66-FAFB-4148-BE9F-5E830A500B31}"
EndProject
Project("{FAE04EC0-301F-11D3-BF4B-00C04F79EFBC}") = "TraderTools.AI", "TraderTools.AI\TraderTools.AI.csproj", "{D4A430CF-A354-4484-ABAD-A375F7C69343}"
EndProject
Project("{FAE04EC0-301F-11D3-BF4B-00C04F79EFBC}") = "AutomatedTraderAI", "AutomatedTraderAI\AutomatedTraderAI.csproj", "{1A8D8F97-FD54-4761-8086-1A2C794B0140}"
EndProject
Project("{9A19103F-16F7-4668-BE54-9A1E7A4F7556}") = "StrategyEditor", "StrategyEditor\StrategyEditor.csproj", "{994EC065-BEBD-4D8B-9259-35840ED76216}"
EndProject
Project("{9A19103F-16F7-4668-BE54-9A1E7A4F7556}") = "Library.Test", "..\Common\Src\Library.Test\Library.Test.csproj", "{746EC390-FDA6-4CB3-AC5C-B59D0B198701}"
EndProject
Project("{FAE04EC0-301F-11D3-BF4B-00C04F79EFBC}") = "StrategyRunnerLive", "StrategyRunnerLive\StrategyRunnerLive.csproj", "{0A5ABD25-DF26-4B19-8B03-2CF3C1508FEA}"
EndProject
Global
	GlobalSection(SolutionConfigurationPlatforms) = preSolution
		Debug|Any CPU = Debug|Any CPU
		Debug|x64 = Debug|x64
		Debug|x86 = Debug|x86
		Release|Any CPU = Release|Any CPU
		Release|x64 = Release|x64
		Release|x86 = Release|x86
	EndGlobalSection
	GlobalSection(ProjectConfigurationPlatforms) = postSolution
		{827454B9-CA87-493D-ACD0-676EB423772F}.Debug|Any CPU.ActiveCfg = Debug|Any CPU
		{827454B9-CA87-493D-ACD0-676EB423772F}.Debug|Any CPU.Build.0 = Debug|Any CPU
		{827454B9-CA87-493D-ACD0-676EB423772F}.Debug|x64.ActiveCfg = Debug|x64
		{827454B9-CA87-493D-ACD0-676EB423772F}.Debug|x64.Build.0 = Debug|x64
		{827454B9-CA87-493D-ACD0-676EB423772F}.Debug|x86.ActiveCfg = Debug|x86
		{827454B9-CA87-493D-ACD0-676EB423772F}.Debug|x86.Build.0 = Debug|x86
		{827454B9-CA87-493D-ACD0-676EB423772F}.Release|Any CPU.ActiveCfg = Release|Any CPU
		{827454B9-CA87-493D-ACD0-676EB423772F}.Release|Any CPU.Build.0 = Release|Any CPU
		{827454B9-CA87-493D-ACD0-676EB423772F}.Release|x64.ActiveCfg = Release|x64
		{827454B9-CA87-493D-ACD0-676EB423772F}.Release|x64.Build.0 = Release|x64
		{827454B9-CA87-493D-ACD0-676EB423772F}.Release|x86.ActiveCfg = Release|x86
		{827454B9-CA87-493D-ACD0-676EB423772F}.Release|x86.Build.0 = Release|x86
		{38ECC387-7BB9-4152-B60E-54B697D2B708}.Debug|Any CPU.ActiveCfg = Debug|Any CPU
		{38ECC387-7BB9-4152-B60E-54B697D2B708}.Debug|Any CPU.Build.0 = Debug|Any CPU
		{38ECC387-7BB9-4152-B60E-54B697D2B708}.Debug|x64.ActiveCfg = Debug|x64
		{38ECC387-7BB9-4152-B60E-54B697D2B708}.Debug|x64.Build.0 = Debug|x64
		{38ECC387-7BB9-4152-B60E-54B697D2B708}.Debug|x86.ActiveCfg = Debug|x86
		{38ECC387-7BB9-4152-B60E-54B697D2B708}.Debug|x86.Build.0 = Debug|x86
		{38ECC387-7BB9-4152-B60E-54B697D2B708}.Release|Any CPU.ActiveCfg = Release|Any CPU
		{38ECC387-7BB9-4152-B60E-54B697D2B708}.Release|Any CPU.Build.0 = Release|Any CPU
		{38ECC387-7BB9-4152-B60E-54B697D2B708}.Release|x64.ActiveCfg = Release|x64
		{38ECC387-7BB9-4152-B60E-54B697D2B708}.Release|x64.Build.0 = Release|x64
		{38ECC387-7BB9-4152-B60E-54B697D2B708}.Release|x86.ActiveCfg = Release|x86
		{38ECC387-7BB9-4152-B60E-54B697D2B708}.Release|x86.Build.0 = Release|x86
		{089CE7BD-EAB1-498C-A6BD-A41F14860ACA}.Debug|Any CPU.ActiveCfg = Debug|Any CPU
		{089CE7BD-EAB1-498C-A6BD-A41F14860ACA}.Debug|Any CPU.Build.0 = Debug|Any CPU
		{089CE7BD-EAB1-498C-A6BD-A41F14860ACA}.Debug|x64.ActiveCfg = Debug|x64
		{089CE7BD-EAB1-498C-A6BD-A41F14860ACA}.Debug|x64.Build.0 = Debug|x64
		{089CE7BD-EAB1-498C-A6BD-A41F14860ACA}.Debug|x86.ActiveCfg = Debug|x86
		{089CE7BD-EAB1-498C-A6BD-A41F14860ACA}.Debug|x86.Build.0 = Debug|x86
		{089CE7BD-EAB1-498C-A6BD-A41F14860ACA}.Release|Any CPU.ActiveCfg = Release|Any CPU
		{089CE7BD-EAB1-498C-A6BD-A41F14860ACA}.Release|Any CPU.Build.0 = Release|Any CPU
		{089CE7BD-EAB1-498C-A6BD-A41F14860ACA}.Release|x64.ActiveCfg = Release|x64
		{089CE7BD-EAB1-498C-A6BD-A41F14860ACA}.Release|x64.Build.0 = Release|x64
		{089CE7BD-EAB1-498C-A6BD-A41F14860ACA}.Release|x86.ActiveCfg = Release|x86
		{089CE7BD-EAB1-498C-A6BD-A41F14860ACA}.Release|x86.Build.0 = Release|x86
		{53BA9AD8-A1E8-409F-9C23-5148F91305E2}.Debug|Any CPU.ActiveCfg = Debug|Any CPU
		{53BA9AD8-A1E8-409F-9C23-5148F91305E2}.Debug|Any CPU.Build.0 = Debug|Any CPU
		{53BA9AD8-A1E8-409F-9C23-5148F91305E2}.Debug|x64.ActiveCfg = Debug|x64
		{53BA9AD8-A1E8-409F-9C23-5148F91305E2}.Debug|x64.Build.0 = Debug|x64
		{53BA9AD8-A1E8-409F-9C23-5148F91305E2}.Debug|x86.ActiveCfg = Debug|x86
		{53BA9AD8-A1E8-409F-9C23-5148F91305E2}.Debug|x86.Build.0 = Debug|x86
		{53BA9AD8-A1E8-409F-9C23-5148F91305E2}.Release|Any CPU.ActiveCfg = Release|Any CPU
		{53BA9AD8-A1E8-409F-9C23-5148F91305E2}.Release|Any CPU.Build.0 = Release|Any CPU
		{53BA9AD8-A1E8-409F-9C23-5148F91305E2}.Release|x64.ActiveCfg = Release|x64
		{53BA9AD8-A1E8-409F-9C23-5148F91305E2}.Release|x64.Build.0 = Release|x64
		{53BA9AD8-A1E8-409F-9C23-5148F91305E2}.Release|x86.ActiveCfg = Release|x86
		{53BA9AD8-A1E8-409F-9C23-5148F91305E2}.Release|x86.Build.0 = Release|x86
		{5E885F6A-3461-4D96-BCF8-D4A50F526726}.Debug|Any CPU.ActiveCfg = Debug|Any CPU
		{5E885F6A-3461-4D96-BCF8-D4A50F526726}.Debug|Any CPU.Build.0 = Debug|Any CPU
		{5E885F6A-3461-4D96-BCF8-D4A50F526726}.Debug|x64.ActiveCfg = Debug|x64
		{5E885F6A-3461-4D96-BCF8-D4A50F526726}.Debug|x64.Build.0 = Debug|x64
		{5E885F6A-3461-4D96-BCF8-D4A50F526726}.Debug|x86.ActiveCfg = Debug|x86
		{5E885F6A-3461-4D96-BCF8-D4A50F526726}.Debug|x86.Build.0 = Debug|x86
		{5E885F6A-3461-4D96-BCF8-D4A50F526726}.Release|Any CPU.ActiveCfg = Release|Any CPU
		{5E885F6A-3461-4D96-BCF8-D4A50F526726}.Release|Any CPU.Build.0 = Release|Any CPU
		{5E885F6A-3461-4D96-BCF8-D4A50F526726}.Release|x64.ActiveCfg = Release|x64
		{5E885F6A-3461-4D96-BCF8-D4A50F526726}.Release|x64.Build.0 = Release|x64
		{5E885F6A-3461-4D96-BCF8-D4A50F526726}.Release|x86.ActiveCfg = Release|x86
		{5E885F6A-3461-4D96-BCF8-D4A50F526726}.Release|x86.Build.0 = Release|x86
		{89047D98-156E-4BA0-B71E-121F7E26806E}.Debug|Any CPU.ActiveCfg = Debug|Any CPU
		{89047D98-156E-4BA0-B71E-121F7E26806E}.Debug|Any CPU.Build.0 = Debug|Any CPU
		{89047D98-156E-4BA0-B71E-121F7E26806E}.Debug|x64.ActiveCfg = Debug|x64
		{89047D98-156E-4BA0-B71E-121F7E26806E}.Debug|x64.Build.0 = Debug|x64
		{89047D98-156E-4BA0-B71E-121F7E26806E}.Debug|x86.ActiveCfg = Debug|x86
		{89047D98-156E-4BA0-B71E-121F7E26806E}.Debug|x86.Build.0 = Debug|x86
		{89047D98-156E-4BA0-B71E-121F7E26806E}.Release|Any CPU.ActiveCfg = Release|Any CPU
		{89047D98-156E-4BA0-B71E-121F7E26806E}.Release|Any CPU.Build.0 = Release|Any CPU
		{89047D98-156E-4BA0-B71E-121F7E26806E}.Release|x64.ActiveCfg = Release|x64
		{89047D98-156E-4BA0-B71E-121F7E26806E}.Release|x64.Build.0 = Release|x64
		{89047D98-156E-4BA0-B71E-121F7E26806E}.Release|x86.ActiveCfg = Release|x86
		{89047D98-156E-4BA0-B71E-121F7E26806E}.Release|x86.Build.0 = Release|x86
		{A5A59813-A3D3-4AF5-9923-EC5B0879BE9C}.Debug|Any CPU.ActiveCfg = Debug|Any CPU
		{A5A59813-A3D3-4AF5-9923-EC5B0879BE9C}.Debug|Any CPU.Build.0 = Debug|Any CPU
		{A5A59813-A3D3-4AF5-9923-EC5B0879BE9C}.Debug|x64.ActiveCfg = Debug|x64
		{A5A59813-A3D3-4AF5-9923-EC5B0879BE9C}.Debug|x64.Build.0 = Debug|x64
		{A5A59813-A3D3-4AF5-9923-EC5B0879BE9C}.Debug|x86.ActiveCfg = Debug|x86
		{A5A59813-A3D3-4AF5-9923-EC5B0879BE9C}.Debug|x86.Build.0 = Debug|x86
		{A5A59813-A3D3-4AF5-9923-EC5B0879BE9C}.Release|Any CPU.ActiveCfg = Release|Any CPU
		{A5A59813-A3D3-4AF5-9923-EC5B0879BE9C}.Release|Any CPU.Build.0 = Release|Any CPU
		{A5A59813-A3D3-4AF5-9923-EC5B0879BE9C}.Release|x64.ActiveCfg = Release|x64
		{A5A59813-A3D3-4AF5-9923-EC5B0879BE9C}.Release|x64.Build.0 = Release|x64
		{A5A59813-A3D3-4AF5-9923-EC5B0879BE9C}.Release|x86.ActiveCfg = Release|x86
		{A5A59813-A3D3-4AF5-9923-EC5B0879BE9C}.Release|x86.Build.0 = Release|x86
		{F7C5DF66-FAFB-4148-BE9F-5E830A500B31}.Debug|Any CPU.ActiveCfg = Debug|Any CPU
		{F7C5DF66-FAFB-4148-BE9F-5E830A500B31}.Debug|Any CPU.Build.0 = Debug|Any CPU
		{F7C5DF66-FAFB-4148-BE9F-5E830A500B31}.Debug|x64.ActiveCfg = Debug|x64
		{F7C5DF66-FAFB-4148-BE9F-5E830A500B31}.Debug|x64.Build.0 = Debug|x64
		{F7C5DF66-FAFB-4148-BE9F-5E830A500B31}.Debug|x86.ActiveCfg = Debug|Any CPU
		{F7C5DF66-FAFB-4148-BE9F-5E830A500B31}.Debug|x86.Build.0 = Debug|Any CPU
		{F7C5DF66-FAFB-4148-BE9F-5E830A500B31}.Release|Any CPU.ActiveCfg = Release|Any CPU
		{F7C5DF66-FAFB-4148-BE9F-5E830A500B31}.Release|Any CPU.Build.0 = Release|Any CPU
		{F7C5DF66-FAFB-4148-BE9F-5E830A500B31}.Release|x64.ActiveCfg = Release|Any CPU
		{F7C5DF66-FAFB-4148-BE9F-5E830A500B31}.Release|x64.Build.0 = Release|Any CPU
		{F7C5DF66-FAFB-4148-BE9F-5E830A500B31}.Release|x86.ActiveCfg = Release|Any CPU
		{F7C5DF66-FAFB-4148-BE9F-5E830A500B31}.Release|x86.Build.0 = Release|Any CPU
		{D4A430CF-A354-4484-ABAD-A375F7C69343}.Debug|Any CPU.ActiveCfg = Debug|Any CPU
		{D4A430CF-A354-4484-ABAD-A375F7C69343}.Debug|Any CPU.Build.0 = Debug|Any CPU
		{D4A430CF-A354-4484-ABAD-A375F7C69343}.Debug|x64.ActiveCfg = Debug|x64
		{D4A430CF-A354-4484-ABAD-A375F7C69343}.Debug|x64.Build.0 = Debug|x64
		{D4A430CF-A354-4484-ABAD-A375F7C69343}.Debug|x86.ActiveCfg = Debug|Any CPU
		{D4A430CF-A354-4484-ABAD-A375F7C69343}.Debug|x86.Build.0 = Debug|Any CPU
		{D4A430CF-A354-4484-ABAD-A375F7C69343}.Release|Any CPU.ActiveCfg = Release|Any CPU
		{D4A430CF-A354-4484-ABAD-A375F7C69343}.Release|Any CPU.Build.0 = Release|Any CPU
		{D4A430CF-A354-4484-ABAD-A375F7C69343}.Release|x64.ActiveCfg = Release|Any CPU
		{D4A430CF-A354-4484-ABAD-A375F7C69343}.Release|x64.Build.0 = Release|Any CPU
		{D4A430CF-A354-4484-ABAD-A375F7C69343}.Release|x86.ActiveCfg = Release|Any CPU
		{D4A430CF-A354-4484-ABAD-A375F7C69343}.Release|x86.Build.0 = Release|Any CPU
		{1A8D8F97-FD54-4761-8086-1A2C794B0140}.Debug|Any CPU.ActiveCfg = Debug|Any CPU
		{1A8D8F97-FD54-4761-8086-1A2C794B0140}.Debug|Any CPU.Build.0 = Debug|Any CPU
		{1A8D8F97-FD54-4761-8086-1A2C794B0140}.Debug|x64.ActiveCfg = Debug|x64
		{1A8D8F97-FD54-4761-8086-1A2C794B0140}.Debug|x64.Build.0 = Debug|x64
		{1A8D8F97-FD54-4761-8086-1A2C794B0140}.Debug|x86.ActiveCfg = Debug|Any CPU
		{1A8D8F97-FD54-4761-8086-1A2C794B0140}.Debug|x86.Build.0 = Debug|Any CPU
		{1A8D8F97-FD54-4761-8086-1A2C794B0140}.Release|Any CPU.ActiveCfg = Release|Any CPU
		{1A8D8F97-FD54-4761-8086-1A2C794B0140}.Release|Any CPU.Build.0 = Release|Any CPU
		{1A8D8F97-FD54-4761-8086-1A2C794B0140}.Release|x64.ActiveCfg = Release|x64
		{1A8D8F97-FD54-4761-8086-1A2C794B0140}.Release|x64.Build.0 = Release|x64
		{1A8D8F97-FD54-4761-8086-1A2C794B0140}.Release|x86.ActiveCfg = Release|Any CPU
		{1A8D8F97-FD54-4761-8086-1A2C794B0140}.Release|x86.Build.0 = Release|Any CPU
		{994EC065-BEBD-4D8B-9259-35840ED76216}.Debug|Any CPU.ActiveCfg = Debug|Any CPU
		{994EC065-BEBD-4D8B-9259-35840ED76216}.Debug|Any CPU.Build.0 = Debug|Any CPU
		{994EC065-BEBD-4D8B-9259-35840ED76216}.Debug|x64.ActiveCfg = Debug|Any CPU
		{994EC065-BEBD-4D8B-9259-35840ED76216}.Debug|x64.Build.0 = Debug|Any CPU
		{994EC065-BEBD-4D8B-9259-35840ED76216}.Debug|x86.ActiveCfg = Debug|Any CPU
		{994EC065-BEBD-4D8B-9259-35840ED76216}.Debug|x86.Build.0 = Debug|Any CPU
		{994EC065-BEBD-4D8B-9259-35840ED76216}.Release|Any CPU.ActiveCfg = Release|Any CPU
		{994EC065-BEBD-4D8B-9259-35840ED76216}.Release|Any CPU.Build.0 = Release|Any CPU
		{994EC065-BEBD-4D8B-9259-35840ED76216}.Release|x64.ActiveCfg = Release|Any CPU
		{994EC065-BEBD-4D8B-9259-35840ED76216}.Release|x64.Build.0 = Release|Any CPU
		{994EC065-BEBD-4D8B-9259-35840ED76216}.Release|x86.ActiveCfg = Release|Any CPU
		{994EC065-BEBD-4D8B-9259-35840ED76216}.Release|x86.Build.0 = Release|Any CPU
		{746EC390-FDA6-4CB3-AC5C-B59D0B198701}.Debug|Any CPU.ActiveCfg = Debug|Any CPU
		{746EC390-FDA6-4CB3-AC5C-B59D0B198701}.Debug|Any CPU.Build.0 = Debug|Any CPU
		{746EC390-FDA6-4CB3-AC5C-B59D0B198701}.Debug|x64.ActiveCfg = Debug|Any CPU
		{746EC390-FDA6-4CB3-AC5C-B59D0B198701}.Debug|x64.Build.0 = Debug|Any CPU
		{746EC390-FDA6-4CB3-AC5C-B59D0B198701}.Debug|x86.ActiveCfg = Debug|Any CPU
		{746EC390-FDA6-4CB3-AC5C-B59D0B198701}.Debug|x86.Build.0 = Debug|Any CPU
		{746EC390-FDA6-4CB3-AC5C-B59D0B198701}.Release|Any CPU.ActiveCfg = Release|Any CPU
		{746EC390-FDA6-4CB3-AC5C-B59D0B198701}.Release|Any CPU.Build.0 = Release|Any CPU
		{746EC390-FDA6-4CB3-AC5C-B59D0B198701}.Release|x64.ActiveCfg = Release|Any CPU
		{746EC390-FDA6-4CB3-AC5C-B59D0B198701}.Release|x64.Build.0 = Release|Any CPU
		{746EC390-FDA6-4CB3-AC5C-B59D0B198701}.Release|x86.ActiveCfg = Release|Any CPU
		{746EC390-FDA6-4CB3-AC5C-B59D0B198701}.Release|x86.Build.0 = Release|Any CPU
		{0A5ABD25-DF26-4B19-8B03-2CF3C1508FEA}.Debug|Any CPU.ActiveCfg = Debug|Any CPU
		{0A5ABD25-DF26-4B19-8B03-2CF3C1508FEA}.Debug|Any CPU.Build.0 = Debug|Any CPU
		{0A5ABD25-DF26-4B19-8B03-2CF3C1508FEA}.Debug|x64.ActiveCfg = Debug|Any CPU
		{0A5ABD25-DF26-4B19-8B03-2CF3C1508FEA}.Debug|x64.Build.0 = Debug|Any CPU
		{0A5ABD25-DF26-4B19-8B03-2CF3C1508FEA}.Debug|x86.ActiveCfg = Debug|Any CPU
		{0A5ABD25-DF26-4B19-8B03-2CF3C1508FEA}.Debug|x86.Build.0 = Debug|Any CPU
		{0A5ABD25-DF26-4B19-8B03-2CF3C1508FEA}.Release|Any CPU.ActiveCfg = Release|Any CPU
		{0A5ABD25-DF26-4B19-8B03-2CF3C1508FEA}.Release|Any CPU.Build.0 = Release|Any CPU
		{0A5ABD25-DF26-4B19-8B03-2CF3C1508FEA}.Release|x64.ActiveCfg = Release|Any CPU
		{0A5ABD25-DF26-4B19-8B03-2CF3C1508FEA}.Release|x64.Build.0 = Release|Any CPU
		{0A5ABD25-DF26-4B19-8B03-2CF3C1508FEA}.Release|x86.ActiveCfg = Release|Any CPU
		{0A5ABD25-DF26-4B19-8B03-2CF3C1508FEA}.Release|x86.Build.0 = Release|Any CPU
	EndGlobalSection
	GlobalSection(SolutionProperties) = preSolution
		HideSolutionNode = FALSE
	EndGlobalSection
	GlobalSection(NestedProjects) = preSolution
		{827454B9-CA87-493D-ACD0-676EB423772F} = {40142F79-164E-4933-9088-356B51B82235}
		{38ECC387-7BB9-4152-B60E-54B697D2B708} = {40142F79-164E-4933-9088-356B51B82235}
		{089CE7BD-EAB1-498C-A6BD-A41F14860ACA} = {40142F79-164E-4933-9088-356B51B82235}
		{53BA9AD8-A1E8-409F-9C23-5148F91305E2} = {40142F79-164E-4933-9088-356B51B82235}
		{5E885F6A-3461-4D96-BCF8-D4A50F526726} = {40142F79-164E-4933-9088-356B51B82235}
		{89047D98-156E-4BA0-B71E-121F7E26806E} = {40142F79-164E-4933-9088-356B51B82235}
		{A5A59813-A3D3-4AF5-9923-EC5B0879BE9C} = {40142F79-164E-4933-9088-356B51B82235}
		{F7C5DF66-FAFB-4148-BE9F-5E830A500B31} = {40142F79-164E-4933-9088-356B51B82235}
		{746EC390-FDA6-4CB3-AC5C-B59D0B198701} = {40142F79-164E-4933-9088-356B51B82235}
	EndGlobalSection
	GlobalSection(ExtensibilityGlobals) = postSolution
		SolutionGuid = {0A2E90D5-6948-4DDF-A8A8-4903CCCF8DBA}
	EndGlobalSection
EndGlobal
