
Microsoft Visual Studio Solution File, Format Version 12.00
# Visual Studio Version 17
VisualStudioVersion = 17.0.32014.148
MinimumVisualStudioVersion = 10.0.40219.1
Project("{2150E333-8FDC-42A3-9474-1A3956D46DE8}") = "Common", "Common", "{40142F79-164E-4933-9088-356B51B82235}"
EndProject
Project("{9A19103F-16F7-4668-BE54-9A1E7A4F7556}") = "Library.Test", "..\Common\Src\Library.Test\Library.Test.csproj", "{746EC390-FDA6-4CB3-AC5C-B59D0B198701}"
EndProject
Project("{9A19103F-16F7-4668-BE54-9A1E7A4F7556}") = "TraderTools.Simulation.Test", "TraderTools.Simulation.Test\TraderTools.Simulation.Test.csproj", "{3799A397-C8CE-49BF-B118-4446FC3A64F3}"
EndProject
Project("{9A19103F-16F7-4668-BE54-9A1E7A4F7556}") = "StrategyEditor", "StrategyEditor\StrategyEditor.csproj", "{253BDA9E-1A0B-4F89-AD15-EEEA50573832}"
EndProject
Project("{9A19103F-16F7-4668-BE54-9A1E7A4F7556}") = "StrategyRunnerLive", "StrategyRunnerLive\StrategyRunnerLive.csproj", "{A1535BD5-EC9A-4B70-BB47-02DBC0257136}"
EndProject
Project("{9A19103F-16F7-4668-BE54-9A1E7A4F7556}") = "Library.UI", "..\..\CommonCode\Src\Library.UI\Library.UI.csproj", "{09B93F55-95A7-4147-B926-951B58775EA6}"
EndProject
Project("{2150E333-8FDC-42A3-9474-1A3956D46DE8}") = "Documents", "Documents", "{EB6C66A6-7731-493D-8158-D78B7AB5CB01}"
	ProjectSection(SolutionItems) = preProject
		Readme.txt = Readme.txt
	EndProjectSection
EndProject
Project("{9A19103F-16F7-4668-BE54-9A1E7A4F7556}") = "Library", "..\..\CommonCode\Src\Library\Library.csproj", "{E2845BA3-4094-4AAB-B1E7-1444CE8D70D8}"
EndProject
Project("{9A19103F-16F7-4668-BE54-9A1E7A4F7556}") = "TraderTools.Basics", "..\..\CommonCode\Src\TraderTools.Basics\TraderTools.Basics.csproj", "{4FA5B271-12DC-41B3-B479-84527D6E9E4B}"
EndProject
Project("{9A19103F-16F7-4668-BE54-9A1E7A4F7556}") = "TraderTools.Core.UI", "..\..\CommonCode\Src\TraderTools.Core.UI\TraderTools.Core.UI.csproj", "{039D924F-F6EE-45F3-8628-21942A0B2BB8}"
EndProject
Project("{9A19103F-16F7-4668-BE54-9A1E7A4F7556}") = "TraderTools.Indicators", "..\..\CommonCode\Src\TraderTools.Indicators\TraderTools.Indicators.csproj", "{926B0411-B617-4BC4-AFED-05C1DF113612}"
EndProject
Project("{9A19103F-16F7-4668-BE54-9A1E7A4F7556}") = "TraderTools.Brokers.Binance", "..\..\CommonCode\Src\TraderTools.Brokers.Binance\TraderTools.Brokers.Binance.csproj", "{E8CD1F79-CA8D-4248-9F25-871003C5848A}"
EndProject
Project("{9A19103F-16F7-4668-BE54-9A1E7A4F7556}") = "TraderTools.Brokers.FXCM", "..\..\CommonCode\Src\TraderTools.Brokers.FXCM\TraderTools.Brokers.FXCM.csproj", "{34539E29-D398-49D6-81D6-97ACC212C4C1}"
EndProject
Project("{9A19103F-16F7-4668-BE54-9A1E7A4F7556}") = "TraderTools.Core", "..\..\CommonCode\Src\TraderTools.Core\TraderTools.Core.csproj", "{75F6029E-5DBB-4BCA-8E96-623955945D46}"
EndProject
Project("{9A19103F-16F7-4668-BE54-9A1E7A4F7556}") = "TraderTools.Simulation", "..\..\CommonCode\Src\TraderTools.Simulation\TraderTools.Simulation.csproj", "{0B8ADC68-8DEC-4641-A1AF-6AC445A4EBBB}"
EndProject
Global
	GlobalSection(SolutionConfigurationPlatforms) = preSolution
		Debug|Any CPU = Debug|Any CPU
		Debug|x64 = Debug|x64
		Debug|x86 = Debug|x86
		Release|Any CPU = Release|Any CPU
		Release|x64 = Release|x64
		Release|x86 = Release|x86
	EndGlobalSection
	GlobalSection(ProjectConfigurationPlatforms) = postSolution
		{746EC390-FDA6-4CB3-AC5C-B59D0B198701}.Debug|Any CPU.ActiveCfg = Debug|Any CPU
		{746EC390-FDA6-4CB3-AC5C-B59D0B198701}.Debug|Any CPU.Build.0 = Debug|Any CPU
		{746EC390-FDA6-4CB3-AC5C-B59D0B198701}.Debug|x64.ActiveCfg = Debug|x64
		{746EC390-FDA6-4CB3-AC5C-B59D0B198701}.Debug|x64.Build.0 = Debug|x64
		{746EC390-FDA6-4CB3-AC5C-B59D0B198701}.Debug|x86.ActiveCfg = Debug|Any CPU
		{746EC390-FDA6-4CB3-AC5C-B59D0B198701}.Debug|x86.Build.0 = Debug|Any CPU
		{746EC390-FDA6-4CB3-AC5C-B59D0B198701}.Release|Any CPU.ActiveCfg = Release|Any CPU
		{746EC390-FDA6-4CB3-AC5C-B59D0B198701}.Release|Any CPU.Build.0 = Release|Any CPU
		{746EC390-FDA6-4CB3-AC5C-B59D0B198701}.Release|x64.ActiveCfg = Release|Any CPU
		{746EC390-FDA6-4CB3-AC5C-B59D0B198701}.Release|x64.Build.0 = Release|Any CPU
		{746EC390-FDA6-4CB3-AC5C-B59D0B198701}.Release|x86.ActiveCfg = Release|Any CPU
		{746EC390-FDA6-4CB3-AC5C-B59D0B198701}.Release|x86.Build.0 = Release|Any CPU
		{3799A397-C8CE-49BF-B118-4446FC3A64F3}.Debug|Any CPU.ActiveCfg = Debug|Any CPU
		{3799A397-C8CE-49BF-B118-4446FC3A64F3}.Debug|Any CPU.Build.0 = Debug|Any CPU
		{3799A397-C8CE-49BF-B118-4446FC3A64F3}.Debug|x64.ActiveCfg = Debug|x64
		{3799A397-C8CE-49BF-B118-4446FC3A64F3}.Debug|x64.Build.0 = Debug|x64
		{3799A397-C8CE-49BF-B118-4446FC3A64F3}.Debug|x86.ActiveCfg = Debug|Any CPU
		{3799A397-C8CE-49BF-B118-4446FC3A64F3}.Debug|x86.Build.0 = Debug|Any CPU
		{3799A397-C8CE-49BF-B118-4446FC3A64F3}.Release|Any CPU.ActiveCfg = Release|Any CPU
		{3799A397-C8CE-49BF-B118-4446FC3A64F3}.Release|Any CPU.Build.0 = Release|Any CPU
		{3799A397-C8CE-49BF-B118-4446FC3A64F3}.Release|x64.ActiveCfg = Release|Any CPU
		{3799A397-C8CE-49BF-B118-4446FC3A64F3}.Release|x64.Build.0 = Release|Any CPU
		{3799A397-C8CE-49BF-B118-4446FC3A64F3}.Release|x86.ActiveCfg = Release|Any CPU
		{3799A397-C8CE-49BF-B118-4446FC3A64F3}.Release|x86.Build.0 = Release|Any CPU
		{253BDA9E-1A0B-4F89-AD15-EEEA50573832}.Debug|Any CPU.ActiveCfg = Debug|x64
		{253BDA9E-1A0B-4F89-AD15-EEEA50573832}.Debug|Any CPU.Build.0 = Debug|x64
		{253BDA9E-1A0B-4F89-AD15-EEEA50573832}.Debug|x64.ActiveCfg = Debug|x64
		{253BDA9E-1A0B-4F89-AD15-EEEA50573832}.Debug|x64.Build.0 = Debug|x64
		{253BDA9E-1A0B-4F89-AD15-EEEA50573832}.Debug|x86.ActiveCfg = Debug|Any CPU
		{253BDA9E-1A0B-4F89-AD15-EEEA50573832}.Debug|x86.Build.0 = Debug|Any CPU
		{253BDA9E-1A0B-4F89-AD15-EEEA50573832}.Release|Any CPU.ActiveCfg = Release|Any CPU
		{253BDA9E-1A0B-4F89-AD15-EEEA50573832}.Release|Any CPU.Build.0 = Release|Any CPU
		{253BDA9E-1A0B-4F89-AD15-EEEA50573832}.Release|x64.ActiveCfg = Release|x64
		{253BDA9E-1A0B-4F89-AD15-EEEA50573832}.Release|x64.Build.0 = Release|x64
		{253BDA9E-1A0B-4F89-AD15-EEEA50573832}.Release|x86.ActiveCfg = Release|Any CPU
		{253BDA9E-1A0B-4F89-AD15-EEEA50573832}.Release|x86.Build.0 = Release|Any CPU
		{A1535BD5-EC9A-4B70-BB47-02DBC0257136}.Debug|Any CPU.ActiveCfg = Debug|Any CPU
		{A1535BD5-EC9A-4B70-BB47-02DBC0257136}.Debug|Any CPU.Build.0 = Debug|Any CPU
		{A1535BD5-EC9A-4B70-BB47-02DBC0257136}.Debug|x64.ActiveCfg = Debug|x64
		{A1535BD5-EC9A-4B70-BB47-02DBC0257136}.Debug|x64.Build.0 = Debug|x64
		{A1535BD5-EC9A-4B70-BB47-02DBC0257136}.Debug|x86.ActiveCfg = Debug|Any CPU
		{A1535BD5-EC9A-4B70-BB47-02DBC0257136}.Debug|x86.Build.0 = Debug|Any CPU
		{A1535BD5-EC9A-4B70-BB47-02DBC0257136}.Release|Any CPU.ActiveCfg = Release|Any CPU
		{A1535BD5-EC9A-4B70-BB47-02DBC0257136}.Release|Any CPU.Build.0 = Release|Any CPU
		{A1535BD5-EC9A-4B70-BB47-02DBC0257136}.Release|x64.ActiveCfg = Release|Any CPU
		{A1535BD5-EC9A-4B70-BB47-02DBC0257136}.Release|x64.Build.0 = Release|Any CPU
		{A1535BD5-EC9A-4B70-BB47-02DBC0257136}.Release|x86.ActiveCfg = Release|Any CPU
		{A1535BD5-EC9A-4B70-BB47-02DBC0257136}.Release|x86.Build.0 = Release|Any CPU
		{09B93F55-95A7-4147-B926-951B58775EA6}.Debug|Any CPU.ActiveCfg = Debug|Any CPU
		{09B93F55-95A7-4147-B926-951B58775EA6}.Debug|Any CPU.Build.0 = Debug|Any CPU
		{09B93F55-95A7-4147-B926-951B58775EA6}.Debug|x64.ActiveCfg = Debug|x64
		{09B93F55-95A7-4147-B926-951B58775EA6}.Debug|x64.Build.0 = Debug|x64
		{09B93F55-95A7-4147-B926-951B58775EA6}.Debug|x86.ActiveCfg = Debug|Any CPU
		{09B93F55-95A7-4147-B926-951B58775EA6}.Debug|x86.Build.0 = Debug|Any CPU
		{09B93F55-95A7-4147-B926-951B58775EA6}.Release|Any CPU.ActiveCfg = Release|Any CPU
		{09B93F55-95A7-4147-B926-951B58775EA6}.Release|Any CPU.Build.0 = Release|Any CPU
		{09B93F55-95A7-4147-B926-951B58775EA6}.Release|x64.ActiveCfg = Release|Any CPU
		{09B93F55-95A7-4147-B926-951B58775EA6}.Release|x64.Build.0 = Release|Any CPU
		{09B93F55-95A7-4147-B926-951B58775EA6}.Release|x86.ActiveCfg = Release|Any CPU
		{09B93F55-95A7-4147-B926-951B58775EA6}.Release|x86.Build.0 = Release|Any CPU
		{E2845BA3-4094-4AAB-B1E7-1444CE8D70D8}.Debug|Any CPU.ActiveCfg = Debug|Any CPU
		{E2845BA3-4094-4AAB-B1E7-1444CE8D70D8}.Debug|Any CPU.Build.0 = Debug|Any CPU
		{E2845BA3-4094-4AAB-B1E7-1444CE8D70D8}.Debug|x64.ActiveCfg = Debug|x64
		{E2845BA3-4094-4AAB-B1E7-1444CE8D70D8}.Debug|x64.Build.0 = Debug|x64
		{E2845BA3-4094-4AAB-B1E7-1444CE8D70D8}.Debug|x86.ActiveCfg = Debug|Any CPU
		{E2845BA3-4094-4AAB-B1E7-1444CE8D70D8}.Debug|x86.Build.0 = Debug|Any CPU
		{E2845BA3-4094-4AAB-B1E7-1444CE8D70D8}.Release|Any CPU.ActiveCfg = Release|Any CPU
		{E2845BA3-4094-4AAB-B1E7-1444CE8D70D8}.Release|Any CPU.Build.0 = Release|Any CPU
		{E2845BA3-4094-4AAB-B1E7-1444CE8D70D8}.Release|x64.ActiveCfg = Release|Any CPU
		{E2845BA3-4094-4AAB-B1E7-1444CE8D70D8}.Release|x64.Build.0 = Release|Any CPU
		{E2845BA3-4094-4AAB-B1E7-1444CE8D70D8}.Release|x86.ActiveCfg = Release|Any CPU
		{E2845BA3-4094-4AAB-B1E7-1444CE8D70D8}.Release|x86.Build.0 = Release|Any CPU
		{4FA5B271-12DC-41B3-B479-84527D6E9E4B}.Debug|Any CPU.ActiveCfg = Debug|Any CPU
		{4FA5B271-12DC-41B3-B479-84527D6E9E4B}.Debug|Any CPU.Build.0 = Debug|Any CPU
		{4FA5B271-12DC-41B3-B479-84527D6E9E4B}.Debug|x64.ActiveCfg = Debug|x64
		{4FA5B271-12DC-41B3-B479-84527D6E9E4B}.Debug|x64.Build.0 = Debug|x64
		{4FA5B271-12DC-41B3-B479-84527D6E9E4B}.Debug|x86.ActiveCfg = Debug|Any CPU
		{4FA5B271-12DC-41B3-B479-84527D6E9E4B}.Debug|x86.Build.0 = Debug|Any CPU
		{4FA5B271-12DC-41B3-B479-84527D6E9E4B}.Release|Any CPU.ActiveCfg = Release|Any CPU
		{4FA5B271-12DC-41B3-B479-84527D6E9E4B}.Release|Any CPU.Build.0 = Release|Any CPU
		{4FA5B271-12DC-41B3-B479-84527D6E9E4B}.Release|x64.ActiveCfg = Release|Any CPU
		{4FA5B271-12DC-41B3-B479-84527D6E9E4B}.Release|x64.Build.0 = Release|Any CPU
		{4FA5B271-12DC-41B3-B479-84527D6E9E4B}.Release|x86.ActiveCfg = Release|Any CPU
		{4FA5B271-12DC-41B3-B479-84527D6E9E4B}.Release|x86.Build.0 = Release|Any CPU
		{039D924F-F6EE-45F3-8628-21942A0B2BB8}.Debug|Any CPU.ActiveCfg = Debug|Any CPU
		{039D924F-F6EE-45F3-8628-21942A0B2BB8}.Debug|Any CPU.Build.0 = Debug|Any CPU
		{039D924F-F6EE-45F3-8628-21942A0B2BB8}.Debug|x64.ActiveCfg = Debug|x64
		{039D924F-F6EE-45F3-8628-21942A0B2BB8}.Debug|x64.Build.0 = Debug|x64
		{039D924F-F6EE-45F3-8628-21942A0B2BB8}.Debug|x86.ActiveCfg = Debug|Any CPU
		{039D924F-F6EE-45F3-8628-21942A0B2BB8}.Debug|x86.Build.0 = Debug|Any CPU
		{039D924F-F6EE-45F3-8628-21942A0B2BB8}.Release|Any CPU.ActiveCfg = Release|Any CPU
		{039D924F-F6EE-45F3-8628-21942A0B2BB8}.Release|Any CPU.Build.0 = Release|Any CPU
		{039D924F-F6EE-45F3-8628-21942A0B2BB8}.Release|x64.ActiveCfg = Release|Any CPU
		{039D924F-F6EE-45F3-8628-21942A0B2BB8}.Release|x64.Build.0 = Release|Any CPU
		{039D924F-F6EE-45F3-8628-21942A0B2BB8}.Release|x86.ActiveCfg = Release|Any CPU
		{039D924F-F6EE-45F3-8628-21942A0B2BB8}.Release|x86.Build.0 = Release|Any CPU
		{926B0411-B617-4BC4-AFED-05C1DF113612}.Debug|Any CPU.ActiveCfg = Debug|Any CPU
		{926B0411-B617-4BC4-AFED-05C1DF113612}.Debug|Any CPU.Build.0 = Debug|Any CPU
		{926B0411-B617-4BC4-AFED-05C1DF113612}.Debug|x64.ActiveCfg = Debug|x64
		{926B0411-B617-4BC4-AFED-05C1DF113612}.Debug|x64.Build.0 = Debug|x64
		{926B0411-B617-4BC4-AFED-05C1DF113612}.Debug|x86.ActiveCfg = Debug|Any CPU
		{926B0411-B617-4BC4-AFED-05C1DF113612}.Debug|x86.Build.0 = Debug|Any CPU
		{926B0411-B617-4BC4-AFED-05C1DF113612}.Release|Any CPU.ActiveCfg = Release|Any CPU
		{926B0411-B617-4BC4-AFED-05C1DF113612}.Release|Any CPU.Build.0 = Release|Any CPU
		{926B0411-B617-4BC4-AFED-05C1DF113612}.Release|x64.ActiveCfg = Release|Any CPU
		{926B0411-B617-4BC4-AFED-05C1DF113612}.Release|x64.Build.0 = Release|Any CPU
		{926B0411-B617-4BC4-AFED-05C1DF113612}.Release|x86.ActiveCfg = Release|Any CPU
		{926B0411-B617-4BC4-AFED-05C1DF113612}.Release|x86.Build.0 = Release|Any CPU
		{E8CD1F79-CA8D-4248-9F25-871003C5848A}.Debug|Any CPU.ActiveCfg = Debug|Any CPU
		{E8CD1F79-CA8D-4248-9F25-871003C5848A}.Debug|Any CPU.Build.0 = Debug|Any CPU
		{E8CD1F79-CA8D-4248-9F25-871003C5848A}.Debug|x64.ActiveCfg = Debug|x64
		{E8CD1F79-CA8D-4248-9F25-871003C5848A}.Debug|x64.Build.0 = Debug|x64
		{E8CD1F79-CA8D-4248-9F25-871003C5848A}.Debug|x86.ActiveCfg = Debug|Any CPU
		{E8CD1F79-CA8D-4248-9F25-871003C5848A}.Debug|x86.Build.0 = Debug|Any CPU
		{E8CD1F79-CA8D-4248-9F25-871003C5848A}.Release|Any CPU.ActiveCfg = Release|Any CPU
		{E8CD1F79-CA8D-4248-9F25-871003C5848A}.Release|Any CPU.Build.0 = Release|Any CPU
		{E8CD1F79-CA8D-4248-9F25-871003C5848A}.Release|x64.ActiveCfg = Release|Any CPU
		{E8CD1F79-CA8D-4248-9F25-871003C5848A}.Release|x64.Build.0 = Release|Any CPU
		{E8CD1F79-CA8D-4248-9F25-871003C5848A}.Release|x86.ActiveCfg = Release|Any CPU
		{E8CD1F79-CA8D-4248-9F25-871003C5848A}.Release|x86.Build.0 = Release|Any CPU
		{34539E29-D398-49D6-81D6-97ACC212C4C1}.Debug|Any CPU.ActiveCfg = Debug|Any CPU
		{34539E29-D398-49D6-81D6-97ACC212C4C1}.Debug|Any CPU.Build.0 = Debug|Any CPU
		{34539E29-D398-49D6-81D6-97ACC212C4C1}.Debug|x64.ActiveCfg = Debug|x64
		{34539E29-D398-49D6-81D6-97ACC212C4C1}.Debug|x64.Build.0 = Debug|x64
		{34539E29-D398-49D6-81D6-97ACC212C4C1}.Debug|x86.ActiveCfg = Debug|Any CPU
		{34539E29-D398-49D6-81D6-97ACC212C4C1}.Debug|x86.Build.0 = Debug|Any CPU
		{34539E29-D398-49D6-81D6-97ACC212C4C1}.Release|Any CPU.ActiveCfg = Release|Any CPU
		{34539E29-D398-49D6-81D6-97ACC212C4C1}.Release|Any CPU.Build.0 = Release|Any CPU
		{34539E29-D398-49D6-81D6-97ACC212C4C1}.Release|x64.ActiveCfg = Release|Any CPU
		{34539E29-D398-49D6-81D6-97ACC212C4C1}.Release|x64.Build.0 = Release|Any CPU
		{34539E29-D398-49D6-81D6-97ACC212C4C1}.Release|x86.ActiveCfg = Release|Any CPU
		{34539E29-D398-49D6-81D6-97ACC212C4C1}.Release|x86.Build.0 = Release|Any CPU
		{75F6029E-5DBB-4BCA-8E96-623955945D46}.Debug|Any CPU.ActiveCfg = Debug|Any CPU
		{75F6029E-5DBB-4BCA-8E96-623955945D46}.Debug|Any CPU.Build.0 = Debug|Any CPU
		{75F6029E-5DBB-4BCA-8E96-623955945D46}.Debug|x64.ActiveCfg = Debug|x64
		{75F6029E-5DBB-4BCA-8E96-623955945D46}.Debug|x64.Build.0 = Debug|x64
		{75F6029E-5DBB-4BCA-8E96-623955945D46}.Debug|x86.ActiveCfg = Debug|Any CPU
		{75F6029E-5DBB-4BCA-8E96-623955945D46}.Debug|x86.Build.0 = Debug|Any CPU
		{75F6029E-5DBB-4BCA-8E96-623955945D46}.Release|Any CPU.ActiveCfg = Release|Any CPU
		{75F6029E-5DBB-4BCA-8E96-623955945D46}.Release|Any CPU.Build.0 = Release|Any CPU
		{75F6029E-5DBB-4BCA-8E96-623955945D46}.Release|x64.ActiveCfg = Release|Any CPU
		{75F6029E-5DBB-4BCA-8E96-623955945D46}.Release|x64.Build.0 = Release|Any CPU
		{75F6029E-5DBB-4BCA-8E96-623955945D46}.Release|x86.ActiveCfg = Release|Any CPU
		{75F6029E-5DBB-4BCA-8E96-623955945D46}.Release|x86.Build.0 = Release|Any CPU
		{0B8ADC68-8DEC-4641-A1AF-6AC445A4EBBB}.Debug|Any CPU.ActiveCfg = Debug|Any CPU
		{0B8ADC68-8DEC-4641-A1AF-6AC445A4EBBB}.Debug|Any CPU.Build.0 = Debug|Any CPU
		{0B8ADC68-8DEC-4641-A1AF-6AC445A4EBBB}.Debug|x64.ActiveCfg = Debug|x64
		{0B8ADC68-8DEC-4641-A1AF-6AC445A4EBBB}.Debug|x64.Build.0 = Debug|x64
		{0B8ADC68-8DEC-4641-A1AF-6AC445A4EBBB}.Debug|x86.ActiveCfg = Debug|Any CPU
		{0B8ADC68-8DEC-4641-A1AF-6AC445A4EBBB}.Debug|x86.Build.0 = Debug|Any CPU
		{0B8ADC68-8DEC-4641-A1AF-6AC445A4EBBB}.Release|Any CPU.ActiveCfg = Release|Any CPU
		{0B8ADC68-8DEC-4641-A1AF-6AC445A4EBBB}.Release|Any CPU.Build.0 = Release|Any CPU
		{0B8ADC68-8DEC-4641-A1AF-6AC445A4EBBB}.Release|x64.ActiveCfg = Release|Any CPU
		{0B8ADC68-8DEC-4641-A1AF-6AC445A4EBBB}.Release|x64.Build.0 = Release|Any CPU
		{0B8ADC68-8DEC-4641-A1AF-6AC445A4EBBB}.Release|x86.ActiveCfg = Release|Any CPU
		{0B8ADC68-8DEC-4641-A1AF-6AC445A4EBBB}.Release|x86.Build.0 = Release|Any CPU
	EndGlobalSection
	GlobalSection(SolutionProperties) = preSolution
		HideSolutionNode = FALSE
	EndGlobalSection
	GlobalSection(NestedProjects) = preSolution
		{746EC390-FDA6-4CB3-AC5C-B59D0B198701} = {40142F79-164E-4933-9088-356B51B82235}
		{3799A397-C8CE-49BF-B118-4446FC3A64F3} = {40142F79-164E-4933-9088-356B51B82235}
		{09B93F55-95A7-4147-B926-951B58775EA6} = {40142F79-164E-4933-9088-356B51B82235}
		{E2845BA3-4094-4AAB-B1E7-1444CE8D70D8} = {40142F79-164E-4933-9088-356B51B82235}
		{4FA5B271-12DC-41B3-B479-84527D6E9E4B} = {40142F79-164E-4933-9088-356B51B82235}
		{039D924F-F6EE-45F3-8628-21942A0B2BB8} = {40142F79-164E-4933-9088-356B51B82235}
		{926B0411-B617-4BC4-AFED-05C1DF113612} = {40142F79-164E-4933-9088-356B51B82235}
		{E8CD1F79-CA8D-4248-9F25-871003C5848A} = {40142F79-164E-4933-9088-356B51B82235}
		{34539E29-D398-49D6-81D6-97ACC212C4C1} = {40142F79-164E-4933-9088-356B51B82235}
		{75F6029E-5DBB-4BCA-8E96-623955945D46} = {40142F79-164E-4933-9088-356B51B82235}
		{0B8ADC68-8DEC-4641-A1AF-6AC445A4EBBB} = {40142F79-164E-4933-9088-356B51B82235}
	EndGlobalSection
	GlobalSection(ExtensibilityGlobals) = postSolution
		SolutionGuid = {0A2E90D5-6948-4DDF-A8A8-4903CCCF8DBA}
	EndGlobalSection
EndGlobal
